schema: '2.0'
stages:
  gamelog_data_acquisition:
    cmd: python3 -m src.stages.gamelog_data_acquisition --config=params.yaml
    deps:
    - path: src/stages/gamelog_data_acquisition.py
      hash: md5
      md5: 5de16521cd47e29f4711f5c5bdb65e6e
      size: 1921
    params:
      params.yaml:
        base:
          log_level: INFO
        gamelog_data_acquisition:
          season: 2010
          team: all
          data_type: gamelog
          output_folder: pipeline_output/gamelog
  schedule_data_acquisition:
    cmd: python3 -m src.stages.schedule_data_acquisition --config=params.yaml
    deps:
    - path: src/stages/schedule_data_acquisition.py
      hash: md5
      md5: 58b4c92f18720dda315ecd83b9dba405
      size: 1933
    params:
      params.yaml:
        base:
          log_level: INFO
        schedule_data_acquisition:
          season: 2010
          team: all
          data_type: schedule
          output_folder: pipeline_output/schedule
  player_attributes_data_acquisition:
    cmd: python3 -m src.stages.player_attributes_data_acquisition --config=params.yaml
    deps:
    - path: src/stages/player_attributes_data_acquisition.py
      hash: md5
      md5: 81b9301da1160232a65dd76d1a09974d
      size: 2041
    params:
      params.yaml:
        base:
          log_level: INFO
        player_attributes_data_acquisition:
          season: 2024
          team: all
          data_type: player_attributes
          output_folder: pipeline_output/player_attributes
  player_salary_data_acquisition:
    cmd: python3 -m src.stages.player_salary_data_acquisition --config=params.yaml
    deps:
    - path: src/stages/player_salary_data_acquisition.py
      hash: md5
      md5: 0b766b33e3db73b61884252e9df77417
      size: 4422
    params:
      params.yaml:
        base:
          log_level: INFO
        player_salary_data_acquisition:
          season: 2024
          data_type: player_salary
          output_folder: pipeline_output/player_salary
