schema: '2.0'
stages:
  gamelog_data_acquisition:
    cmd: python3 -m src.stages.gamelog_data_acquisition --config=params.yaml
    deps:
    - path: src/stages/gamelog_data_acquisition.py
      hash: md5
      md5: 5de16521cd47e29f4711f5c5bdb65e6e
      size: 1921
    params:
      params.yaml:
        base:
          log_level: INFO
        gamelog_data_acquisition:
          season: 2010
          team: all
          data_type: gamelog
          output_folder: pipeline_output/gamelog
  schedule_data_acquisition:
    cmd: python3 -m src.stages.schedule_data_acquisition --config=params.yaml
    deps:
    - path: src/stages/schedule_data_acquisition.py
      hash: md5
      md5: 58b4c92f18720dda315ecd83b9dba405
      size: 1933
    params:
      params.yaml:
        base:
          log_level: INFO
        schedule_data_acquisition:
          season: 2010
          team: all
          data_type: schedule
          output_folder: pipeline_output/schedule
